<Solution>
  <Folder Name="/Packages/">
    <Project Path="src/AgentFrameworkToolkit.AmazonBedrock/AgentFrameworkToolkit.AmazonBedrock.csproj" />
    <Project Path="src/AgentFrameworkToolkit.Anthropic/AgentFrameworkToolkit.Anthropic.csproj" />
    <Project Path="src/AgentFrameworkToolkit.AzureOpenAI/AgentFrameworkToolkit.AzureOpenAI.csproj" />
    <Project Path="src/AgentFrameworkToolkit.Cerebras/AgentFrameworkToolkit.Cerebras.csproj" />
    <Project Path="src/AgentFrameworkToolkit.Cohere/AgentFrameworkToolkit.Cohere.csproj" />
    <Project Path="src/AgentFrameworkToolkit.Google/AgentFrameworkToolkit.Google.csproj" />
    <Project Path="src/AgentFrameworkToolkit.Groq/AgentFrameworkToolkit.Groq.csproj" />
    <Project Path="src/AgentFrameworkToolkit.Jev/AgentFrameworkToolkit.Jev.csproj" />
    <Project Path="src/AgentFrameworkToolkit.MicrosoftFoundry/AgentFrameworkToolkit.MicrosoftFoundry.csproj" Id="edc4679c-4cdd-46b6-99a8-695ba4b78486" />
    <Project Path="src/AgentFrameworkToolkit.Mistral/AgentFrameworkToolkit.Mistral.csproj" />
    <Project Path="src/AgentFrameworkToolkit.OpenAI/AgentFrameworkToolkit.OpenAI.csproj" />
    <Project Path="src/AgentFrameworkToolkit.OpenRouter/AgentFrameworkToolkit.OpenRouter.csproj" />
    <Project Path="src/AgentFrameworkToolkit.Tools.ModelContextProtocol/AgentFrameworkToolkit.Tools.ModelContextProtocol.csproj" />
    <Project Path="src/AgentFrameworkToolkit.Tools/AgentFrameworkToolkit.Tools.csproj" />
    <Project Path="src/AgentFrameworkToolkit.XAI/AgentFrameworkToolkit.XAI.csproj" />
    <Project Path="src/AgentFrameworkToolkit/AgentFrameworkToolkit.csproj" />
    <Project Path="src/AgentSkillsDotNet/AgentSkillsDotNet.csproj" Id="b6cf36bb-01cb-443f-a430-daff9b243742" />
  </Folder>
  <Folder Name="/Solution Items/">
    <File Path=".github/workflows/Build.yml" />
    <File Path="AGENTS.md" />
    <File Path="CHANGELOG.md" />
    <File Path="CONTRIBUTING.md" />
    <File Path="README.md" />
    <File Path="SECURITY.md" />
    <File Path="src/.editorconfig" />
    <File Path="Directory.Build.props" />
    <File Path="Directory.Build.targets" />
    <File Path="Directory.Packages.props" />
    <File Path="nuget-package.props" />
  </Folder>
  <Folder Name="/Development/">
    <Project Path="development/Sandbox/Sandbox.csproj" />
    <Project Path="development/Secrets/Secrets.csproj" />
    <Project Path="development/Tests/Tests.csproj" />
  </Folder>
  <Folder Name="/Solution Items/create-new-provider-skill/">
    <File Path=".codex/skills/create-agent-provider/references/CustomProviderTemplate.md" />
    <File Path=".codex/skills/create-agent-provider/references/OpenAICompatibleTemplate.md" />
    <File Path=".codex/skills/create-agent-provider/references/ProviderChecklist.md" />
    <File Path=".codex/skills/create-agent-provider/references/TestingGuide.md" />
    <File Path=".codex/skills/create-agent-provider/SKILL.md" />
  </Folder>
</Solution>
